Microsoft Visual Studio Solution File, Format Version 12.00
# Visual Studio Version 17
VisualStudioVersion = 17.5.2.0
MinimumVisualStudioVersion = 10.0.40219.1
Project("{FAE04EC0-301F-11D3-BF4B-00C04F79EFBC}") = "PEDRA-PAPEL-E-TESOURA", "PEDRA-PAPEL-E-TESOURA.csproj", "{16B925AD-1397-4F60-C444-F2C747EA2337}"
EndProject
Global
	GlobalSection(SolutionConfigurationPlatforms) = preSolution
		Debug|Any CPU = Debug|Any CPU
		Release|Any CPU = Release|Any CPU
	EndGlobalSection
	GlobalSection(ProjectConfigurationPlatforms) = postSolution
		{16B925AD-1397-4F60-C444-F2C747EA2337}.Debug|Any CPU.ActiveCfg = Debug|Any CPU
		{16B925AD-1397-4F60-C444-F2C747EA2337}.Debug|Any CPU.Build.0 = Debug|Any CPU
		{16B925AD-1397-4F60-C444-F2C747EA2337}.Release|Any CPU.ActiveCfg = Release|Any CPU
		{16B925AD-1397-4F60-C444-F2C747EA2337}.Release|Any CPU.Build.0 = Release|Any CPU
	EndGlobalSection
	GlobalSection(SolutionProperties) = preSolution
		HideSolutionNode = FALSE
	EndGlobalSection
	GlobalSection(ExtensibilityGlobals) = postSolution
		SolutionGuid = {77DC0D2C-8B32-4FDD-A925-16BF32201576}
	EndGlobalSection
EndGlobal
